// !$*UTF8*$!
{
	archiveVersion = 1;
	classes = {
	};
	objectVersion = 50;
	objects = {

/* Begin PBXBuildFile section */
		25CDBA69240AAE59008D67AA /* ShapeView.swift in Sources */ = {isa = PBXBuildFile; fileRef = 25CDBA68240AAE59008D67AA /* ShapeView.swift */; };
		25CDBA6B240B0C11008D67AA /* TabBarView.swift in Sources */ = {isa = PBXBuildFile; fileRef = 25CDBA6A240B0C11008D67AA /* TabBarView.swift */; };
		25CDBA6D240B0EF7008D67AA /* TopTabBarView.swift in Sources */ = {isa = PBXBuildFile; fileRef = 25CDBA6C240B0EF7008D67AA /* TopTabBarView.swift */; };
		25CDBA6F240B1750008D67AA /* GestureView.swift in Sources */ = {isa = PBXBuildFile; fileRef = 25CDBA6E240B1750008D67AA /* GestureView.swift */; };
		C07D47A923F6FA9100082409 /* FlagDetailView.swift in Sources */ = {isa = PBXBuildFile; fileRef = C07D47A823F6FA9100082409 /* FlagDetailView.swift */; };
		C07D47AB23F7143D00082409 /* FlagViewModel.swift in Sources */ = {isa = PBXBuildFile; fileRef = C07D47AA23F7143D00082409 /* FlagViewModel.swift */; };
		C0CFDDCE23F19F9F00B53781 /* AppDelegate.swift in Sources */ = {isa = PBXBuildFile; fileRef = C0CFDDCD23F19F9F00B53781 /* AppDelegate.swift */; };
		C0CFDDD023F19F9F00B53781 /* SceneDelegate.swift in Sources */ = {isa = PBXBuildFile; fileRef = C0CFDDCF23F19F9F00B53781 /* SceneDelegate.swift */; };
		C0CFDDD323F19F9F00B53781 /* SwiftUITuts.xcdatamodeld in Sources */ = {isa = PBXBuildFile; fileRef = C0CFDDD123F19F9F00B53781 /* SwiftUITuts.xcdatamodeld */; };
		C0CFDDD523F19F9F00B53781 /* ContentView.swift in Sources */ = {isa = PBXBuildFile; fileRef = C0CFDDD423F19F9F00B53781 /* ContentView.swift */; };
		C0CFDDD723F19FA300B53781 /* Assets.xcassets in Resources */ = {isa = PBXBuildFile; fileRef = C0CFDDD623F19FA300B53781 /* Assets.xcassets */; };
		C0CFDDDA23F19FA300B53781 /* Preview Assets.xcassets in Resources */ = {isa = PBXBuildFile; fileRef = C0CFDDD923F19FA300B53781 /* Preview Assets.xcassets */; };
		C0CFDDDD23F19FA300B53781 /* LaunchScreen.storyboard in Resources */ = {isa = PBXBuildFile; fileRef = C0CFDDDB23F19FA300B53781 /* LaunchScreen.storyboard */; };
		C0EB35AB240806B30016DBD1 /* AdaptableContentView.swift in Sources */ = {isa = PBXBuildFile; fileRef = C0EB35AA240806B30016DBD1 /* AdaptableContentView.swift */; };
		C0EB35AD2408079C0016DBD1 /* ActionSheetView.swift in Sources */ = {isa = PBXBuildFile; fileRef = C0EB35AC2408079C0016DBD1 /* ActionSheetView.swift */; };
		C0EB35AF24080F720016DBD1 /* PopOverView.swift in Sources */ = {isa = PBXBuildFile; fileRef = C0EB35AE24080F720016DBD1 /* PopOverView.swift */; };
		C0EB35B3240810E50016DBD1 /* DragDropListView.swift in Sources */ = {isa = PBXBuildFile; fileRef = C0EB35B2240810E50016DBD1 /* DragDropListView.swift */; };
		C0EB35B5240815940016DBD1 /* SearchableListView.swift in Sources */ = {isa = PBXBuildFile; fileRef = C0EB35B4240815940016DBD1 /* SearchableListView.swift */; };
		C0EB35B724081C170016DBD1 /* SearchBar.swift in Sources */ = {isa = PBXBuildFile; fileRef = C0EB35B624081C170016DBD1 /* SearchBar.swift */; };
		C0EB35BA24095AA50016DBD1 /* TravelLocation.swift in Sources */ = {isa = PBXBuildFile; fileRef = C0EB35B924095AA50016DBD1 /* TravelLocation.swift */; };
		C0EB35BC240961A80016DBD1 /* MapView.swift in Sources */ = {isa = PBXBuildFile; fileRef = C0EB35BB240961A80016DBD1 /* MapView.swift */; };
		C0EB35BE240968910016DBD1 /* LocationDetailsView.swift in Sources */ = {isa = PBXBuildFile; fileRef = C0EB35BD240968910016DBD1 /* LocationDetailsView.swift */; };
/* End PBXBuildFile section */

/* Begin PBXFileReference section */
		25CDBA68240AAE59008D67AA /* ShapeView.swift */ = {isa = PBXFileReference; lastKnownFileType = sourcecode.swift; path = ShapeView.swift; sourceTree = "<group>"; };
		25CDBA6A240B0C11008D67AA /* TabBarView.swift */ = {isa = PBXFileReference; lastKnownFileType = sourcecode.swift; path = TabBarView.swift; sourceTree = "<group>"; };
		25CDBA6C240B0EF7008D67AA /* TopTabBarView.swift */ = {isa = PBXFileReference; lastKnownFileType = sourcecode.swift; path = TopTabBarView.swift; sourceTree = "<group>"; };
		25CDBA6E240B1750008D67AA /* GestureView.swift */ = {isa = PBXFileReference; lastKnownFileType = sourcecode.swift; path = GestureView.swift; sourceTree = "<group>"; };
		C07D47A823F6FA9100082409 /* FlagDetailView.swift */ = {isa = PBXFileReference; lastKnownFileType = sourcecode.swift; path = FlagDetailView.swift; sourceTree = "<group>"; };
		C07D47AA23F7143D00082409 /* FlagViewModel.swift */ = {isa = PBXFileReference; lastKnownFileType = sourcecode.swift; path = FlagViewModel.swift; sourceTree = "<group>"; };
		C0CFDDCA23F19F9F00B53781 /* SwiftUITuts.app */ = {isa = PBXFileReference; explicitFileType = wrapper.application; includeInIndex = 0; path = SwiftUITuts.app; sourceTree = BUILT_PRODUCTS_DIR; };
		C0CFDDCD23F19F9F00B53781 /* AppDelegate.swift */ = {isa = PBXFileReference; lastKnownFileType = sourcecode.swift; path = AppDelegate.swift; sourceTree = "<group>"; };
		C0CFDDCF23F19F9F00B53781 /* SceneDelegate.swift */ = {isa = PBXFileReference; lastKnownFileType = sourcecode.swift; path = SceneDelegate.swift; sourceTree = "<group>"; };
		C0CFDDD223F19F9F00B53781 /* SwiftUITuts.xcdatamodel */ = {isa = PBXFileReference; lastKnownFileType = wrapper.xcdatamodel; path = SwiftUITuts.xcdatamodel; sourceTree = "<group>"; };
		C0CFDDD423F19F9F00B53781 /* ContentView.swift */ = {isa = PBXFileReference; lastKnownFileType = sourcecode.swift; path = ContentView.swift; sourceTree = "<group>"; };
		C0CFDDD623F19FA300B53781 /* Assets.xcassets */ = {isa = PBXFileReference; lastKnownFileType = folder.assetcatalog; path = Assets.xcassets; sourceTree = "<group>"; };
		C0CFDDD923F19FA300B53781 /* Preview Assets.xcassets */ = {isa = PBXFileReference; lastKnownFileType = folder.assetcatalog; path = "Preview Assets.xcassets"; sourceTree = "<group>"; };
		C0CFDDDC23F19FA300B53781 /* Base */ = {isa = PBXFileReference; lastKnownFileType = file.storyboard; name = Base; path = Base.lproj/LaunchScreen.storyboard; sourceTree = "<group>"; };
		C0CFDDDE23F19FA300B53781 /* Info.plist */ = {isa = PBXFileReference; lastKnownFileType = text.plist.xml; path = Info.plist; sourceTree = "<group>"; };
		C0EB35AA240806B30016DBD1 /* AdaptableContentView.swift */ = {isa = PBXFileReference; lastKnownFileType = sourcecode.swift; path = AdaptableContentView.swift; sourceTree = "<group>"; };
		C0EB35AC2408079C0016DBD1 /* ActionSheetView.swift */ = {isa = PBXFileReference; lastKnownFileType = sourcecode.swift; path = ActionSheetView.swift; sourceTree = "<group>"; };
		C0EB35AE24080F720016DBD1 /* PopOverView.swift */ = {isa = PBXFileReference; lastKnownFileType = sourcecode.swift; path = PopOverView.swift; sourceTree = "<group>"; };
		C0EB35B2240810E50016DBD1 /* DragDropListView.swift */ = {isa = PBXFileReference; lastKnownFileType = sourcecode.swift; path = DragDropListView.swift; sourceTree = "<group>"; };
		C0EB35B4240815940016DBD1 /* SearchableListView.swift */ = {isa = PBXFileReference; lastKnownFileType = sourcecode.swift; path = SearchableListView.swift; sourceTree = "<group>"; };
		C0EB35B624081C170016DBD1 /* SearchBar.swift */ = {isa = PBXFileReference; lastKnownFileType = sourcecode.swift; path = SearchBar.swift; sourceTree = "<group>"; };
		C0EB35B924095AA50016DBD1 /* TravelLocation.swift */ = {isa = PBXFileReference; lastKnownFileType = sourcecode.swift; path = TravelLocation.swift; sourceTree = "<group>"; };
		C0EB35BB240961A80016DBD1 /* MapView.swift */ = {isa = PBXFileReference; lastKnownFileType = sourcecode.swift; path = MapView.swift; sourceTree = "<group>"; };
		C0EB35BD240968910016DBD1 /* LocationDetailsView.swift */ = {isa = PBXFileReference; lastKnownFileType = sourcecode.swift; path = LocationDetailsView.swift; sourceTree = "<group>"; };
/* End PBXFileReference section */

/* Begin PBXFrameworksBuildPhase section */
		C0CFDDC723F19F9F00B53781 /* Frameworks */ = {
			isa = PBXFrameworksBuildPhase;
			buildActionMask = 2147483647;
			files = (
			);
			runOnlyForDeploymentPostprocessing = 0;
		};
/* End PBXFrameworksBuildPhase section */

/* Begin PBXGroup section */
		C0CFDDC123F19F9F00B53781 = {
			isa = PBXGroup;
			children = (
				C0CFDDCC23F19F9F00B53781 /* SwiftUITuts */,
				C0CFDDCB23F19F9F00B53781 /* Products */,
			);
			sourceTree = "<group>";
		};
		C0CFDDCB23F19F9F00B53781 /* Products */ = {
			isa = PBXGroup;
			children = (
				C0CFDDCA23F19F9F00B53781 /* SwiftUITuts.app */,
			);
			name = Products;
			sourceTree = "<group>";
		};
		C0CFDDCC23F19F9F00B53781 /* SwiftUITuts */ = {
			isa = PBXGroup;
			children = (
				C0CFDDCD23F19F9F00B53781 /* AppDelegate.swift */,
				C0CFDDCF23F19F9F00B53781 /* SceneDelegate.swift */,
				C0EB35B12408106D0016DBD1 /* Views */,
				C0EB35B0240810560016DBD1 /* ViewModels */,
				C0EB35B824095A600016DBD1 /* Model */,
				C0CFDDD623F19FA300B53781 /* Assets.xcassets */,
				C0CFDDDB23F19FA300B53781 /* LaunchScreen.storyboard */,
				C0CFDDDE23F19FA300B53781 /* Info.plist */,
				C0CFDDD123F19F9F00B53781 /* SwiftUITuts.xcdatamodeld */,
				C0CFDDD823F19FA300B53781 /* Preview Content */,
			);
			path = SwiftUITuts;
			sourceTree = "<group>";
		};
		C0CFDDD823F19FA300B53781 /* Preview Content */ = {
			isa = PBXGroup;
			children = (
				C0CFDDD923F19FA300B53781 /* Preview Assets.xcassets */,
			);
			path = "Preview Content";
			sourceTree = "<group>";
		};
		C0EB35B0240810560016DBD1 /* ViewModels */ = {
			isa = PBXGroup;
			children = (
				C07D47AA23F7143D00082409 /* FlagViewModel.swift */,
			);
			path = ViewModels;
			sourceTree = "<group>";
		};
		C0EB35B12408106D0016DBD1 /* Views */ = {
			isa = PBXGroup;
			children = (
				C0CFDDD423F19F9F00B53781 /* ContentView.swift */,
				C0EB35AA240806B30016DBD1 /* AdaptableContentView.swift */,
				C0EB35AC2408079C0016DBD1 /* ActionSheetView.swift */,
				C0EB35AE24080F720016DBD1 /* PopOverView.swift */,
				C07D47A823F6FA9100082409 /* FlagDetailView.swift */,
				C0EB35B2240810E50016DBD1 /* DragDropListView.swift */,
				C0EB35B4240815940016DBD1 /* SearchableListView.swift */,
				C0EB35B624081C170016DBD1 /* SearchBar.swift */,
				C0EB35BB240961A80016DBD1 /* MapView.swift */,
				C0EB35BD240968910016DBD1 /* LocationDetailsView.swift */,
				25CDBA68240AAE59008D67AA /* ShapeView.swift */,
				25CDBA6A240B0C11008D67AA /* TabBarView.swift */,
				25CDBA6C240B0EF7008D67AA /* TopTabBarView.swift */,
				25CDBA6E240B1750008D67AA /* GestureView.swift */,
			);
			path = Views;
			sourceTree = "<group>";
		};
		C0EB35B824095A600016DBD1 /* Model */ = {
			isa = PBXGroup;
			children = (
				C0EB35B924095AA50016DBD1 /* TravelLocation.swift */,
			);
			path = Model;
			sourceTree = "<group>";
		};
/* End PBXGroup section */

/* Begin PBXNativeTarget section */
		C0CFDDC923F19F9F00B53781 /* SwiftUITuts */ = {
			isa = PBXNativeTarget;
			buildConfigurationList = C0CFDDE123F19FA300B53781 /* Build configuration list for PBXNativeTarget "SwiftUITuts" */;
			buildPhases = (
				C0CFDDC623F19F9F00B53781 /* Sources */,
				C0CFDDC723F19F9F00B53781 /* Frameworks */,
				C0CFDDC823F19F9F00B53781 /* Resources */,
			);
			buildRules = (
			);
			dependencies = (
			);
			name = SwiftUITuts;
			productName = SwiftUITuts;
			productReference = C0CFDDCA23F19F9F00B53781 /* SwiftUITuts.app */;
			productType = "com.apple.product-type.application";
		};
/* End PBXNativeTarget section */

/* Begin PBXProject section */
		C0CFDDC223F19F9F00B53781 /* Project object */ = {
			isa = PBXProject;
			attributes = {
				LastSwiftUpdateCheck = 1130;
				LastUpgradeCheck = 1130;
				ORGANIZATIONNAME = TCS;
				TargetAttributes = {
					C0CFDDC923F19F9F00B53781 = {
						CreatedOnToolsVersion = 11.3;
					};
				};
			};
			buildConfigurationList = C0CFDDC523F19F9F00B53781 /* Build configuration list for PBXProject "SwiftUITuts" */;
			compatibilityVersion = "Xcode 9.3";
			developmentRegion = en;
			hasScannedForEncodings = 0;
			knownRegions = (
				en,
				Base,
			);
			mainGroup = C0CFDDC123F19F9F00B53781;
			productRefGroup = C0CFDDCB23F19F9F00B53781 /* Products */;
			projectDirPath = "";
			projectRoot = "";
			targets = (
				C0CFDDC923F19F9F00B53781 /* SwiftUITuts */,
			);
		};
/* End PBXProject section */

/* Begin PBXResourcesBuildPhase section */
		C0CFDDC823F19F9F00B53781 /* Resources */ = {
			isa = PBXResourcesBuildPhase;
			buildActionMask = 2147483647;
			files = (
				C0CFDDDD23F19FA300B53781 /* LaunchScreen.storyboard in Resources */,
				C0CFDDDA23F19FA300B53781 /* Preview Assets.xcassets in Resources */,
				C0CFDDD723F19FA300B53781 /* Assets.xcassets in Resources */,
			);
			runOnlyForDeploymentPostprocessing = 0;
		};
/* End PBXResourcesBuildPhase section */

/* Begin PBXSourcesBuildPhase section */
		C0CFDDC623F19F9F00B53781 /* Sources */ = {
			isa = PBXSourcesBuildPhase;
			buildActionMask = 2147483647;
			files = (
				C07D47AB23F7143D00082409 /* FlagViewModel.swift in Sources */,
				C0EB35BA24095AA50016DBD1 /* TravelLocation.swift in Sources */,
				C0CFDDCE23F19F9F00B53781 /* AppDelegate.swift in Sources */,
				C0EB35B3240810E50016DBD1 /* DragDropListView.swift in Sources */,
				C0EB35AD2408079C0016DBD1 /* ActionSheetView.swift in Sources */,
				C0CFDDD323F19F9F00B53781 /* SwiftUITuts.xcdatamodeld in Sources */,
				25CDBA6F240B1750008D67AA /* GestureView.swift in Sources */,
				25CDBA69240AAE59008D67AA /* ShapeView.swift in Sources */,
				C0EB35B724081C170016DBD1 /* SearchBar.swift in Sources */,
				C0EB35BC240961A80016DBD1 /* MapView.swift in Sources */,
				C0CFDDD523F19F9F00B53781 /* ContentView.swift in Sources */,
				C0EB35AF24080F720016DBD1 /* PopOverView.swift in Sources */,
				25CDBA6B240B0C11008D67AA /* TabBarView.swift in Sources */,
				25CDBA6D240B0EF7008D67AA /* TopTabBarView.swift in Sources */,
				C0EB35BE240968910016DBD1 /* LocationDetailsView.swift in Sources */,
				C0CFDDD023F19F9F00B53781 /* SceneDelegate.swift in Sources */,
				C07D47A923F6FA9100082409 /* FlagDetailView.swift in Sources */,
				C0EB35B5240815940016DBD1 /* SearchableListView.swift in Sources */,
				C0EB35AB240806B30016DBD1 /* AdaptableContentView.swift in Sources */,
			);
			runOnlyForDeploymentPostprocessing = 0;
		};
/* End PBXSourcesBuildPhase section */

/* Begin PBXVariantGroup section */
		C0CFDDDB23F19FA300B53781 /* LaunchScreen.storyboard */ = {
			isa = PBXVariantGroup;
			children = (
				C0CFDDDC23F19FA300B53781 /* Base */,
			);
			name = LaunchScreen.storyboard;
			sourceTree = "<group>";
		};
/* End PBXVariantGroup section */

/* Begin XCBuildConfiguration section */
		C0CFDDDF23F19FA300B53781 /* Debug */ = {
			isa = XCBuildConfiguration;
			buildSettings = {
				ALWAYS_SEARCH_USER_PATHS = NO;
				CLANG_ANALYZER_NONNULL = YES;
				CLANG_ANALYZER_NUMBER_OBJECT_CONVERSION = YES_AGGRESSIVE;
				CLANG_CXX_LANGUAGE_STANDARD = "gnu++14";
				CLANG_CXX_LIBRARY = "libc++";
				CLANG_ENABLE_MODULES = YES;
				CLANG_ENABLE_OBJC_ARC = YES;
				CLANG_ENABLE_OBJC_WEAK = YES;
				CLANG_WARN_BLOCK_CAPTURE_AUTORELEASING = YES;
				CLANG_WARN_BOOL_CONVERSION = YES;
				CLANG_WARN_COMMA = YES;
				CLANG_WARN_CONSTANT_CONVERSION = YES;
				CLANG_WARN_DEPRECATED_OBJC_IMPLEMENTATIONS = YES;
				CLANG_WARN_DIRECT_OBJC_ISA_USAGE = YES_ERROR;
				CLANG_WARN_DOCUMENTATION_COMMENTS = YES;
				CLANG_WARN_EMPTY_BODY = YES;
				CLANG_WARN_ENUM_CONVERSION = YES;
				CLANG_WARN_INFINITE_RECURSION = YES;
				CLANG_WARN_INT_CONVERSION = YES;
				CLANG_WARN_NON_LITERAL_NULL_CONVERSION = YES;
				CLANG_WARN_OBJC_IMPLICIT_RETAIN_SELF = YES;
				CLANG_WARN_OBJC_LITERAL_CONVERSION = YES;
				CLANG_WARN_OBJC_ROOT_CLASS = YES_ERROR;
				CLANG_WARN_RANGE_LOOP_ANALYSIS = YES;
				CLANG_WARN_STRICT_PROTOTYPES = YES;
				CLANG_WARN_SUSPICIOUS_MOVE = YES;
				CLANG_WARN_UNGUARDED_AVAILABILITY = YES_AGGRESSIVE;
				CLANG_WARN_UNREACHABLE_CODE = YES;
				CLANG_WARN__DUPLICATE_METHOD_MATCH = YES;
				COPY_PHASE_STRIP = NO;
				DEBUG_INFORMATION_FORMAT = dwarf;
				ENABLE_STRICT_OBJC_MSGSEND = YES;
				ENABLE_TESTABILITY = YES;
				GCC_C_LANGUAGE_STANDARD = gnu11;
				GCC_DYNAMIC_NO_PIC = NO;
				GCC_NO_COMMON_BLOCKS = YES;
				GCC_OPTIMIZATION_LEVEL = 0;
				GCC_PREPROCESSOR_DEFINITIONS = (
					"DEBUG=1",
					"$(inherited)",
				);
				GCC_WARN_64_TO_32_BIT_CONVERSION = YES;
				GCC_WARN_ABOUT_RETURN_TYPE = YES_ERROR;
				GCC_WARN_UNDECLARED_SELECTOR = YES;
				GCC_WARN_UNINITIALIZED_AUTOS = YES_AGGRESSIVE;
				GCC_WARN_UNUSED_FUNCTION = YES;
				GCC_WARN_UNUSED_VARIABLE = YES;
				IPHONEOS_DEPLOYMENT_TARGET = 13.2;
				MTL_ENABLE_DEBUG_INFO = INCLUDE_SOURCE;
				MTL_FAST_MATH = YES;
				ONLY_ACTIVE_ARCH = YES;
				SDKROOT = iphoneos;
				SWIFT_ACTIVE_COMPILATION_CONDITIONS = DEBUG;
				SWIFT_OPTIMIZATION_LEVEL = "-Onone";
			};
			name = Debug;
		};
		C0CFDDE023F19FA300B53781 /* Release */ = {
			isa = XCBuildConfiguration;
			buildSettings = {
				ALWAYS_SEARCH_USER_PATHS = NO;
				CLANG_ANALYZER_NONNULL = YES;
				CLANG_ANALYZER_NUMBER_OBJECT_CONVERSION = YES_AGGRESSIVE;
				CLANG_CXX_LANGUAGE_STANDARD = "gnu++14";
				CLANG_CXX_LIBRARY = "libc++";
				CLANG_ENABLE_MODULES = YES;
				CLANG_ENABLE_OBJC_ARC = YES;
				CLANG_ENABLE_OBJC_WEAK = YES;
				CLANG_WARN_BLOCK_CAPTURE_AUTORELEASING = YES;
				CLANG_WARN_BOOL_CONVERSION = YES;
				CLANG_WARN_COMMA = YES;
				CLANG_WARN_CONSTANT_CONVERSION = YES;
				CLANG_WARN_DEPRECATED_OBJC_IMPLEMENTATIONS = YES;
				CLANG_WARN_DIRECT_OBJC_ISA_USAGE = YES_ERROR;
				CLANG_WARN_DOCUMENTATION_COMMENTS = YES;
				CLANG_WARN_EMPTY_BODY = YES;
				CLANG_WARN_ENUM_CONVERSION = YES;
				CLANG_WARN_INFINITE_RECURSION = YES;
				CLANG_WARN_INT_CONVERSION = YES;
				CLANG_WARN_NON_LITERAL_NULL_CONVERSION = YES;
				CLANG_WARN_OBJC_IMPLICIT_RETAIN_SELF = YES;
				CLANG_WARN_OBJC_LITERAL_CONVERSION = YES;
				CLANG_WARN_OBJC_ROOT_CLASS = YES_ERROR;
				CLANG_WARN_RANGE_LOOP_ANALYSIS = YES;
				CLANG_WARN_STRICT_PROTOTYPES = YES;
				CLANG_WARN_SUSPICIOUS_MOVE = YES;
				CLANG_WARN_UNGUARDED_AVAILABILITY = YES_AGGRESSIVE;
				CLANG_WARN_UNREACHABLE_CODE = YES;
				CLANG_WARN__DUPLICATE_METHOD_MATCH = YES;
				COPY_PHASE_STRIP = NO;
				DEBUG_INFORMATION_FORMAT = "dwarf-with-dsym";
				ENABLE_NS_ASSERTIONS = NO;
				ENABLE_STRICT_OBJC_MSGSEND = YES;
				GCC_C_LANGUAGE_STANDARD = gnu11;
				GCC_NO_COMMON_BLOCKS = YES;
				GCC_WARN_64_TO_32_BIT_CONVERSION = YES;
				GCC_WARN_ABOUT_RETURN_TYPE = YES_ERROR;
				GCC_WARN_UNDECLARED_SELECTOR = YES;
				GCC_WARN_UNINITIALIZED_AUTOS = YES_AGGRESSIVE;
				GCC_WARN_UNUSED_FUNCTION = YES;
				GCC_WARN_UNUSED_VARIABLE = YES;
				IPHONEOS_DEPLOYMENT_TARGET = 13.2;
				MTL_ENABLE_DEBUG_INFO = NO;
				MTL_FAST_MATH = YES;
				SDKROOT = iphoneos;
				SWIFT_COMPILATION_MODE = wholemodule;
				SWIFT_OPTIMIZATION_LEVEL = "-O";
				VALIDATE_PRODUCT = YES;
			};
			name = Release;
		};
		C0CFDDE223F19FA300B53781 /* Debug */ = {
			isa = XCBuildConfiguration;
			buildSettings = {
				ASSETCATALOG_COMPILER_APPICON_NAME = AppIcon;
				CODE_SIGN_STYLE = Automatic;
				DEVELOPMENT_ASSET_PATHS = "\"SwiftUITuts/Preview Content\"";
				ENABLE_PREVIEWS = YES;
				INFOPLIST_FILE = SwiftUITuts/Info.plist;
				LD_RUNPATH_SEARCH_PATHS = (
					"$(inherited)",
					"@executable_path/Frameworks",
				);
				PRODUCT_BUNDLE_IDENTIFIER = com.test.SwiftUITuts;
				PRODUCT_NAME = "$(TARGET_NAME)";
				SWIFT_VERSION = 5.0;
				TARGETED_DEVICE_FAMILY = "1,2";
			};
			name = Debug;
		};
		C0CFDDE323F19FA300B53781 /* Release */ = {
			isa = XCBuildConfiguration;
			buildSettings = {
				ASSETCATALOG_COMPILER_APPICON_NAME = AppIcon;
				CODE_SIGN_STYLE = Automatic;
				DEVELOPMENT_ASSET_PATHS = "\"SwiftUITuts/Preview Content\"";
				ENABLE_PREVIEWS = YES;
				INFOPLIST_FILE = SwiftUITuts/Info.plist;
				LD_RUNPATH_SEARCH_PATHS = (
					"$(inherited)",
					"@executable_path/Frameworks",
				);
				PRODUCT_BUNDLE_IDENTIFIER = com.test.SwiftUITuts;
				PRODUCT_NAME = "$(TARGET_NAME)";
				SWIFT_VERSION = 5.0;
				TARGETED_DEVICE_FAMILY = "1,2";
			};
			name = Release;
		};
/* End XCBuildConfiguration section */

/* Begin XCConfigurationList section */
		C0CFDDC523F19F9F00B53781 /* Build configuration list for PBXProject "SwiftUITuts" */ = {
			isa = XCConfigurationList;
			buildConfigurations = (
				C0CFDDDF23F19FA300B53781 /* Debug */,
				C0CFDDE023F19FA300B53781 /* Release */,
			);
			defaultConfigurationIsVisible = 0;
			defaultConfigurationName = Release;
		};
		C0CFDDE123F19FA300B53781 /* Build configuration list for PBXNativeTarget "SwiftUITuts" */ = {
			isa = XCConfigurationList;
			buildConfigurations = (
				C0CFDDE223F19FA300B53781 /* Debug */,
				C0CFDDE323F19FA300B53781 /* Release */,
			);
			defaultConfigurationIsVisible = 0;
			defaultConfigurationName = Release;
		};
/* End XCConfigurationList section */

/* Begin XCVersionGroup section */
		C0CFDDD123F19F9F00B53781 /* SwiftUITuts.xcdatamodeld */ = {
			isa = XCVersionGroup;
			children = (
				C0CFDDD223F19F9F00B53781 /* SwiftUITuts.xcdatamodel */,
			);
			currentVersion = C0CFDDD223F19F9F00B53781 /* SwiftUITuts.xcdatamodel */;
			path = SwiftUITuts.xcdatamodeld;
			sourceTree = "<group>";
			versionGroupType = wrapper.xcdatamodel;
		};
/* End XCVersionGroup section */
	};
	rootObject = C0CFDDC223F19F9F00B53781 /* Project object */;
}
